// !$*UTF8*$!
{
	archiveVersion = 1;
	classes = {
	};
	objectVersion = 46;
	objects = {

/* Begin PBXBuildFile section */
		962DDD121ED9391200741BF6 /* CustomTabbarController.swift in Sources */ = {isa = PBXBuildFile; fileRef = 962DDD111ED9391100741BF6 /* CustomTabbarController.swift */; };
		962DDD141ED941AC00741BF6 /* OtherControllers.swift in Sources */ = {isa = PBXBuildFile; fileRef = 962DDD131ED941AC00741BF6 /* OtherControllers.swift */; };
		962DDD161ED969A900741BF6 /* all_posts.json in Resources */ = {isa = PBXBuildFile; fileRef = 962DDD151ED969A900741BF6 /* all_posts.json */; };
		9667CBAF1ED4435F00B30B8A /* AppDelegate.swift in Sources */ = {isa = PBXBuildFile; fileRef = 9667CBAE1ED4435F00B30B8A /* AppDelegate.swift */; };
		9667CBB41ED4435F00B30B8A /* Main.storyboard in Resources */ = {isa = PBXBuildFile; fileRef = 9667CBB21ED4435F00B30B8A /* Main.storyboard */; };
		9667CBB61ED4435F00B30B8A /* Assets.xcassets in Resources */ = {isa = PBXBuildFile; fileRef = 9667CBB51ED4435F00B30B8A /* Assets.xcassets */; };
		9667CBB91ED4435F00B30B8A /* LaunchScreen.storyboard in Resources */ = {isa = PBXBuildFile; fileRef = 9667CBB71ED4435F00B30B8A /* LaunchScreen.storyboard */; };
		9667CBC31ED4443D00B30B8A /* FeedController.swift in Sources */ = {isa = PBXBuildFile; fileRef = 9667CBC21ED4443D00B30B8A /* FeedController.swift */; };
		9667CBC51ED445B100B30B8A /* Extensions.swift in Sources */ = {isa = PBXBuildFile; fileRef = 9667CBC41ED445B100B30B8A /* Extensions.swift */; };
		9667CBC71ED45B1500B30B8A /* Utility.swift in Sources */ = {isa = PBXBuildFile; fileRef = 9667CBC61ED45B1500B30B8A /* Utility.swift */; };
/* End PBXBuildFile section */

/* Begin PBXFileReference section */
		962DDD111ED9391100741BF6 /* CustomTabbarController.swift */ = {isa = PBXFileReference; fileEncoding = 4; lastKnownFileType = sourcecode.swift; path = CustomTabbarController.swift; sourceTree = "<group>"; };
		962DDD131ED941AC00741BF6 /* OtherControllers.swift */ = {isa = PBXFileReference; fileEncoding = 4; lastKnownFileType = sourcecode.swift; path = OtherControllers.swift; sourceTree = "<group>"; };
		962DDD151ED969A900741BF6 /* all_posts.json */ = {isa = PBXFileReference; fileEncoding = 4; lastKnownFileType = text.json; path = all_posts.json; sourceTree = "<group>"; };
		9667CBAB1ED4435F00B30B8A /* FacebookClone.app */ = {isa = PBXFileReference; explicitFileType = wrapper.application; includeInIndex = 0; path = FacebookClone.app; sourceTree = BUILT_PRODUCTS_DIR; };
		9667CBAE1ED4435F00B30B8A /* AppDelegate.swift */ = {isa = PBXFileReference; lastKnownFileType = sourcecode.swift; path = AppDelegate.swift; sourceTree = "<group>"; };
		9667CBB31ED4435F00B30B8A /* Base */ = {isa = PBXFileReference; lastKnownFileType = file.storyboard; name = Base; path = Base.lproj/Main.storyboard; sourceTree = "<group>"; };
		9667CBB51ED4435F00B30B8A /* Assets.xcassets */ = {isa = PBXFileReference; lastKnownFileType = folder.assetcatalog; path = Assets.xcassets; sourceTree = "<group>"; };
		9667CBB81ED4435F00B30B8A /* Base */ = {isa = PBXFileReference; lastKnownFileType = file.storyboard; name = Base; path = Base.lproj/LaunchScreen.storyboard; sourceTree = "<group>"; };
		9667CBBA1ED4435F00B30B8A /* Info.plist */ = {isa = PBXFileReference; lastKnownFileType = text.plist.xml; path = Info.plist; sourceTree = "<group>"; };
		9667CBC21ED4443D00B30B8A /* FeedController.swift */ = {isa = PBXFileReference; fileEncoding = 4; lastKnownFileType = sourcecode.swift; path = FeedController.swift; sourceTree = "<group>"; };
		9667CBC41ED445B100B30B8A /* Extensions.swift */ = {isa = PBXFileReference; fileEncoding = 4; lastKnownFileType = sourcecode.swift; path = Extensions.swift; sourceTree = "<group>"; };
		9667CBC61ED45B1500B30B8A /* Utility.swift */ = {isa = PBXFileReference; fileEncoding = 4; lastKnownFileType = sourcecode.swift; path = Utility.swift; sourceTree = "<group>"; };
/* End PBXFileReference section */

/* Begin PBXFrameworksBuildPhase section */
		9667CBA81ED4435F00B30B8A /* Frameworks */ = {
			isa = PBXFrameworksBuildPhase;
			buildActionMask = 2147483647;
			files = (
			);
			runOnlyForDeploymentPostprocessing = 0;
		};
/* End PBXFrameworksBuildPhase section */

/* Begin PBXGroup section */
		9667CBA21ED4435F00B30B8A = {
			isa = PBXGroup;
			children = (
				9667CBAD1ED4435F00B30B8A /* FacebookClone */,
				9667CBAC1ED4435F00B30B8A /* Products */,
			);
			sourceTree = "<group>";
		};
		9667CBAC1ED4435F00B30B8A /* Products */ = {
			isa = PBXGroup;
			children = (
				9667CBAB1ED4435F00B30B8A /* FacebookClone.app */,
			);
			name = Products;
			sourceTree = "<group>";
		};
		9667CBAD1ED4435F00B30B8A /* FacebookClone */ = {
			isa = PBXGroup;
			children = (
				9667CBAE1ED4435F00B30B8A /* AppDelegate.swift */,
				962DDD111ED9391100741BF6 /* CustomTabbarController.swift */,
				962DDD131ED941AC00741BF6 /* OtherControllers.swift */,
				9667CBC21ED4443D00B30B8A /* FeedController.swift */,
				962DDD151ED969A900741BF6 /* all_posts.json */,
				9667CBC41ED445B100B30B8A /* Extensions.swift */,
				9667CBC61ED45B1500B30B8A /* Utility.swift */,
				9667CBB21ED4435F00B30B8A /* Main.storyboard */,
				9667CBB51ED4435F00B30B8A /* Assets.xcassets */,
				9667CBB71ED4435F00B30B8A /* LaunchScreen.storyboard */,
				9667CBBA1ED4435F00B30B8A /* Info.plist */,
			);
			path = FacebookClone;
			sourceTree = "<group>";
		};
/* End PBXGroup section */

/* Begin PBXNativeTarget section */
		9667CBAA1ED4435F00B30B8A /* FacebookClone */ = {
			isa = PBXNativeTarget;
			buildConfigurationList = 9667CBBD1ED4435F00B30B8A /* Build configuration list for PBXNativeTarget "FacebookClone" */;
			buildPhases = (
				9667CBA71ED4435F00B30B8A /* Sources */,
				9667CBA81ED4435F00B30B8A /* Frameworks */,
				9667CBA91ED4435F00B30B8A /* Resources */,
			);
			buildRules = (
			);
			dependencies = (
			);
			name = FacebookClone;
			productName = FacebookClone;
			productReference = 9667CBAB1ED4435F00B30B8A /* FacebookClone.app */;
			productType = "com.apple.product-type.application";
		};
/* End PBXNativeTarget section */

/* Begin PBXProject section */
		9667CBA31ED4435F00B30B8A /* Project object */ = {
			isa = PBXProject;
			attributes = {
				LastSwiftUpdateCheck = 0830;
				LastUpgradeCheck = 0830;
				ORGANIZATIONNAME = VamshiKrishna;
				TargetAttributes = {
					9667CBAA1ED4435F00B30B8A = {
						CreatedOnToolsVersion = 8.3.2;
						DevelopmentTeam = BJBC582Q56;
						ProvisioningStyle = Automatic;
					};
				};
			};
			buildConfigurationList = 9667CBA61ED4435F00B30B8A /* Build configuration list for PBXProject "FacebookClone" */;
			compatibilityVersion = "Xcode 3.2";
			developmentRegion = English;
			hasScannedForEncodings = 0;
			knownRegions = (
				en,
				Base,
			);
			mainGroup = 9667CBA21ED4435F00B30B8A;
			productRefGroup = 9667CBAC1ED4435F00B30B8A /* Products */;
			projectDirPath = "";
			projectRoot = "";
			targets = (
				9667CBAA1ED4435F00B30B8A /* FacebookClone */,
			);
		};
/* End PBXProject section */

/* Begin PBXResourcesBuildPhase section */
		9667CBA91ED4435F00B30B8A /* Resources */ = {
			isa = PBXResourcesBuildPhase;
			buildActionMask = 2147483647;
			files = (
				9667CBB91ED4435F00B30B8A /* LaunchScreen.storyboard in Resources */,
				9667CBB61ED4435F00B30B8A /* Assets.xcassets in Resources */,
				9667CBB41ED4435F00B30B8A /* Main.storyboard in Resources */,
				962DDD161ED969A900741BF6 /* all_posts.json in Resources */,
			);
			runOnlyForDeploymentPostprocessing = 0;
		};
/* End PBXResourcesBuildPhase section */

/* Begin PBXSourcesBuildPhase section */
		9667CBA71ED4435F00B30B8A /* Sources */ = {
			isa = PBXSourcesBuildPhase;
			buildActionMask = 2147483647;
			files = (
				962DDD121ED9391200741BF6 /* CustomTabbarController.swift in Sources */,
				9667CBC71ED45B1500B30B8A /* Utility.swift in Sources */,
				962DDD141ED941AC00741BF6 /* OtherControllers.swift in Sources */,
				9667CBAF1ED4435F00B30B8A /* AppDelegate.swift in Sources */,
				9667CBC51ED445B100B30B8A /* Extensions.swift in Sources */,
				9667CBC31ED4443D00B30B8A /* FeedController.swift in Sources */,
			);
			runOnlyForDeploymentPostprocessing = 0;
		};
/* End PBXSourcesBuildPhase section */

/* Begin PBXVariantGroup section */
		9667CBB21ED4435F00B30B8A /* Main.storyboard */ = {
			isa = PBXVariantGroup;
			children = (
				9667CBB31ED4435F00B30B8A /* Base */,
			);
			name = Main.storyboard;
			sourceTree = "<group>";
		};
		9667CBB71ED4435F00B30B8A /* LaunchScreen.storyboard */ = {
			isa = PBXVariantGroup;
			children = (
				9667CBB81ED4435F00B30B8A /* Base */,
			);
			name = LaunchScreen.storyboard;
			sourceTree = "<group>";
		};
/* End PBXVariantGroup section */

/* Begin XCBuildConfiguration section */
		9667CBBB1ED4435F00B30B8A /* Debug */ = {
			isa = XCBuildConfiguration;
			buildSettings = {
				ALWAYS_SEARCH_USER_PATHS = NO;
				CLANG_ANALYZER_NONNULL = YES;
				CLANG_ANALYZER_NUMBER_OBJECT_CONVERSION = YES_AGGRESSIVE;
				CLANG_CXX_LANGUAGE_STANDARD = "gnu++0x";
				CLANG_CXX_LIBRARY = "libc++";
				CLANG_ENABLE_MODULES = YES;
				CLANG_ENABLE_OBJC_ARC = YES;
				CLANG_WARN_BOOL_CONVERSION = YES;
				CLANG_WARN_CONSTANT_CONVERSION = YES;
				CLANG_WARN_DIRECT_OBJC_ISA_USAGE = YES_ERROR;
				CLANG_WARN_DOCUMENTATION_COMMENTS = YES;
				CLANG_WARN_EMPTY_BODY = YES;
				CLANG_WARN_ENUM_CONVERSION = YES;
				CLANG_WARN_INFINITE_RECURSION = YES;
				CLANG_WARN_INT_CONVERSION = YES;
				CLANG_WARN_OBJC_ROOT_CLASS = YES_ERROR;
				CLANG_WARN_SUSPICIOUS_MOVE = YES;
				CLANG_WARN_UNREACHABLE_CODE = YES;
				CLANG_WARN__DUPLICATE_METHOD_MATCH = YES;
				"CODE_SIGN_IDENTITY[sdk=iphoneos*]" = "iPhone Developer";
				COPY_PHASE_STRIP = NO;
				DEBUG_INFORMATION_FORMAT = dwarf;
				ENABLE_STRICT_OBJC_MSGSEND = YES;
				ENABLE_TESTABILITY = YES;
				GCC_C_LANGUAGE_STANDARD = gnu99;
				GCC_DYNAMIC_NO_PIC = NO;
				GCC_NO_COMMON_BLOCKS = YES;
				GCC_OPTIMIZATION_LEVEL = 0;
				GCC_PREPROCESSOR_DEFINITIONS = (
					"DEBUG=1",
					"$(inherited)",
				);
				GCC_WARN_64_TO_32_BIT_CONVERSION = YES;
				GCC_WARN_ABOUT_RETURN_TYPE = YES_ERROR;
				GCC_WARN_UNDECLARED_SELECTOR = YES;
				GCC_WARN_UNINITIALIZED_AUTOS = YES_AGGRESSIVE;
				GCC_WARN_UNUSED_FUNCTION = YES;
				GCC_WARN_UNUSED_VARIABLE = YES;
				IPHONEOS_DEPLOYMENT_TARGET = 10.3;
				MTL_ENABLE_DEBUG_INFO = YES;
				ONLY_ACTIVE_ARCH = YES;
				SDKROOT = iphoneos;
				SWIFT_ACTIVE_COMPILATION_CONDITIONS = DEBUG;
				SWIFT_OPTIMIZATION_LEVEL = "-Onone";
			};
			name = Debug;
		};
		9667CBBC1ED4435F00B30B8A /* Release */ = {
			isa = XCBuildConfiguration;
			buildSettings = {
				ALWAYS_SEARCH_USER_PATHS = NO;
				CLANG_ANALYZER_NONNULL = YES;
				CLANG_ANALYZER_NUMBER_OBJECT_CONVERSION = YES_AGGRESSIVE;
				CLANG_CXX_LANGUAGE_STANDARD = "gnu++0x";
				CLANG_CXX_LIBRARY = "libc++";
				CLANG_ENABLE_MODULES = YES;
				CLANG_ENABLE_OBJC_ARC = YES;
				CLANG_WARN_BOOL_CONVERSION = YES;
				CLANG_WARN_CONSTANT_CONVERSION = YES;
				CLANG_WARN_DIRECT_OBJC_ISA_USAGE = YES_ERROR;
				CLANG_WARN_DOCUMENTATION_COMMENTS = YES;
				CLANG_WARN_EMPTY_BODY = YES;
				CLANG_WARN_ENUM_CONVERSION = YES;
				CLANG_WARN_INFINITE_RECURSION = YES;
				CLANG_WARN_INT_CONVERSION = YES;
				CLANG_WARN_OBJC_ROOT_CLASS = YES_ERROR;
				CLANG_WARN_SUSPICIOUS_MOVE = YES;
				CLANG_WARN_UNREACHABLE_CODE = YES;
				CLANG_WARN__DUPLICATE_METHOD_MATCH = YES;
				"CODE_SIGN_IDENTITY[sdk=iphoneos*]" = "iPhone Developer";
				COPY_PHASE_STRIP = NO;
				DEBUG_INFORMATION_FORMAT = "dwarf-with-dsym";
				ENABLE_NS_ASSERTIONS = NO;
				ENABLE_STRICT_OBJC_MSGSEND = YES;
				GCC_C_LANGUAGE_STANDARD = gnu99;
				GCC_NO_COMMON_BLOCKS = YES;
				GCC_WARN_64_TO_32_BIT_CONVERSION = YES;
				GCC_WARN_ABOUT_RETURN_TYPE = YES_ERROR;
				GCC_WARN_UNDECLARED_SELECTOR = YES;
				GCC_WARN_UNINITIALIZED_AUTOS = YES_AGGRESSIVE;
				GCC_WARN_UNUSED_FUNCTION = YES;
				GCC_WARN_UNUSED_VARIABLE = YES;
				IPHONEOS_DEPLOYMENT_TARGET = 10.3;
				MTL_ENABLE_DEBUG_INFO = NO;
				SDKROOT = iphoneos;
				SWIFT_OPTIMIZATION_LEVEL = "-Owholemodule";
				VALIDATE_PRODUCT = YES;
			};
			name = Release;
		};
		9667CBBE1ED4435F00B30B8A /* Debug */ = {
			isa = XCBuildConfiguration;
			buildSettings = {
				ASSETCATALOG_COMPILER_APPICON_NAME = AppIcon;
				DEVELOPMENT_TEAM = BJBC582Q56;
				INFOPLIST_FILE = FacebookClone/Info.plist;
				LD_RUNPATH_SEARCH_PATHS = "$(inherited) @executable_path/Frameworks";
				PRODUCT_BUNDLE_IDENTIFIER = VamshiKrishna.FacebookClone;
				PRODUCT_NAME = "$(TARGET_NAME)";
				SWIFT_VERSION = 3.0;
			};
			name = Debug;
		};
		9667CBBF1ED4435F00B30B8A /* Release */ = {
			isa = XCBuildConfiguration;
			buildSettings = {
				ASSETCATALOG_COMPILER_APPICON_NAME = AppIcon;
				DEVELOPMENT_TEAM = BJBC582Q56;
				INFOPLIST_FILE = FacebookClone/Info.plist;
				LD_RUNPATH_SEARCH_PATHS = "$(inherited) @executable_path/Frameworks";
				PRODUCT_BUNDLE_IDENTIFIER = VamshiKrishna.FacebookClone;
				PRODUCT_NAME = "$(TARGET_NAME)";
				SWIFT_VERSION = 3.0;
			};
			name = Release;
		};
/* End XCBuildConfiguration section */

/* Begin XCConfigurationList section */
		9667CBA61ED4435F00B30B8A /* Build configuration list for PBXProject "FacebookClone" */ = {
			isa = XCConfigurationList;
			buildConfigurations = (
				9667CBBB1ED4435F00B30B8A /* Debug */,
				9667CBBC1ED4435F00B30B8A /* Release */,
			);
			defaultConfigurationIsVisible = 0;
			defaultConfigurationName = Release;
		};
		9667CBBD1ED4435F00B30B8A /* Build configuration list for PBXNativeTarget "FacebookClone" */ = {
			isa = XCConfigurationList;
			buildConfigurations = (
				9667CBBE1ED4435F00B30B8A /* Debug */,
				9667CBBF1ED4435F00B30B8A /* Release */,
			);
			defaultConfigurationIsVisible = 0;
			defaultConfigurationName = Release;
		};
/* End XCConfigurationList section */
	};
	rootObject = 9667CBA31ED4435F00B30B8A /* Project object */;
}
